
Microsoft Visual Studio Solution File, Format Version 12.00
# Visual Studio Version 16
VisualStudioVersion = 16.0.30907.101
MinimumVisualStudioVersion = 10.0.40219.1
Project("{FAE04EC0-301F-11D3-BF4B-00C04F79EFBC}") = "WebApplication1", "WebApplication1\WebApplication1.csproj", "{BF621CF1-884F-4681-A0BA-FEC12C7D3D23}"
EndProject
Global
	GlobalSection(SolutionConfigurationPlatforms) = preSolution
		Debug|Any CPU = Debug|Any CPU
		Release|Any CPU = Release|Any CPU
	EndGlobalSection
	GlobalSection(ProjectConfigurationPlatforms) = postSolution
		{BF621CF1-884F-4681-A0BA-FEC12C7D3D23}.Debug|Any CPU.ActiveCfg = Debug|Any CPU
		{BF621CF1-884F-4681-A0BA-FEC12C7D3D23}.Debug|Any CPU.Build.0 = Debug|Any CPU
		{BF621CF1-884F-4681-A0BA-FEC12C7D3D23}.Release|Any CPU.ActiveCfg = Release|Any CPU
		{BF621CF1-884F-4681-A0BA-FEC12C7D3D23}.Release|Any CPU.Build.0 = Release|Any CPU
	EndGlobalSection
	GlobalSection(SolutionProperties) = preSolution
		HideSolutionNode = FALSE
	EndGlobalSection
	GlobalSection(ExtensibilityGlobals) = postSolution
		SolutionGuid = {937899D6-DE9C-4411-BBF5-3FE93CF7E05B}
	EndGlobalSection
EndGlobal
